// !$*UTF8*$!
{
	archiveVersion = 1;
	classes = {
	};
	objectVersion = 56;
	objects = {

/* Begin PBXBuildFile section */
		8E0F0F2C2BCAC178008C1308 /* WidgetKit.framework in Frameworks */ = {isa = PBXBuildFile; fileRef = 8E0F0F2B2BCAC178008C1308 /* WidgetKit.framework */; };
		8E0F0F2E2BCAC178008C1308 /* SwiftUI.framework in Frameworks */ = {isa = PBXBuildFile; fileRef = 8E0F0F2D2BCAC178008C1308 /* SwiftUI.framework */; };
		8E0F0F312BCAC178008C1308 /* WidgetsBundle.swift in Sources */ = {isa = PBXBuildFile; fileRef = 8E0F0F302BCAC178008C1308 /* WidgetsBundle.swift */; };
		8E0F0F332BCAC178008C1308 /* Widgets.swift in Sources */ = {isa = PBXBuildFile; fileRef = 8E0F0F322BCAC178008C1308 /* Widgets.swift */; };
		8E0F0F352BCAC17A008C1308 /* Assets.xcassets in Resources */ = {isa = PBXBuildFile; fileRef = 8E0F0F342BCAC17A008C1308 /* Assets.xcassets */; };
		8E0F0F392BCAC17A008C1308 /* WidgetsExtension.appex in Embed Foundation Extensions */ = {isa = PBXBuildFile; fileRef = 8E0F0F292BCAC177008C1308 /* WidgetsExtension.appex */; settings = {ATTRIBUTES = (RemoveHeadersOnCopy, ); }; };
		8E0F0F412BCAD4C5008C1308 /* Widgets.swift in Sources */ = {isa = PBXBuildFile; fileRef = 8E0F0F322BCAC178008C1308 /* Widgets.swift */; };
		8E0F0F422BCAD6DE008C1308 /* CoreDataModel.swift in Sources */ = {isa = PBXBuildFile; fileRef = 8E19D6792BC453EC000CAD3B /* CoreDataModel.swift */; };
		8E0F0F432BCAD6E8008C1308 /* CoreDataProvider.swift in Sources */ = {isa = PBXBuildFile; fileRef = 8EF0A22C2BC1DDCB000E8F6C /* CoreDataProvider.swift */; };
		8E0F0F472BCAE220008C1308 /* Orar_Ubb.xcdatamodeld in Sources */ = {isa = PBXBuildFile; fileRef = 8EF5096C2BC043E900934F75 /* Orar_Ubb.xcdatamodeld */; };
		8E0F0F482BCAE668008C1308 /* SettingsEntityModel.swift in Sources */ = {isa = PBXBuildFile; fileRef = 8E19D67B2BC4555E000CAD3B /* SettingsEntityModel.swift */; };
		8E19D67A2BC453EC000CAD3B /* CoreDataModel.swift in Sources */ = {isa = PBXBuildFile; fileRef = 8E19D6792BC453EC000CAD3B /* CoreDataModel.swift */; };
		8E19D67C2BC4555E000CAD3B /* SettingsEntityModel.swift in Sources */ = {isa = PBXBuildFile; fileRef = 8E19D67B2BC4555E000CAD3B /* SettingsEntityModel.swift */; };
		8E19D67E2BC48088000CAD3B /* SettingsSemigroupsView.swift in Sources */ = {isa = PBXBuildFile; fileRef = 8E19D67D2BC48088000CAD3B /* SettingsSemigroupsView.swift */; };
		8E19D6802BC48F02000CAD3B /* MainView.swift in Sources */ = {isa = PBXBuildFile; fileRef = 8E19D67F2BC48F02000CAD3B /* MainView.swift */; };
		8E19D6832BC48F32000CAD3B /* TimeTableView.swift in Sources */ = {isa = PBXBuildFile; fileRef = 8E19D6822BC48F32000CAD3B /* TimeTableView.swift */; };
		8E19D6852BC5C5C6000CAD3B /* TimeTableSchedule.swift in Sources */ = {isa = PBXBuildFile; fileRef = 8E19D6842BC5C5C6000CAD3B /* TimeTableSchedule.swift */; };
		8E19D6872BC70C71000CAD3B /* DaysOfWeek.swift in Sources */ = {isa = PBXBuildFile; fileRef = 8E19D6862BC70C71000CAD3B /* DaysOfWeek.swift */; };
		8E19D6892BC70F9A000CAD3B /* LecturesViewModel.swift in Sources */ = {isa = PBXBuildFile; fileRef = 8E19D6882BC70F9A000CAD3B /* LecturesViewModel.swift */; };
		8E627DFD2BC7294C00EB270F /* WeekPicker.swift in Sources */ = {isa = PBXBuildFile; fileRef = 8E627DFC2BC7294C00EB270F /* WeekPicker.swift */; };
		8EF0A22D2BC1DDCB000E8F6C /* CoreDataProvider.swift in Sources */ = {isa = PBXBuildFile; fileRef = 8EF0A22C2BC1DDCB000E8F6C /* CoreDataProvider.swift */; };
		8EF0A22F2BC1E20F000E8F6C /* SettingsGorupsView.swift in Sources */ = {isa = PBXBuildFile; fileRef = 8EF0A22E2BC1E20F000E8F6C /* SettingsGorupsView.swift */; };
		8EF0A2312BC1E624000E8F6C /* GroupsViewModel.swift in Sources */ = {isa = PBXBuildFile; fileRef = 8EF0A2302BC1E624000E8F6C /* GroupsViewModel.swift */; };
		8EF509622BC043E700934F75 /* Orar_UbbApp.swift in Sources */ = {isa = PBXBuildFile; fileRef = 8EF509612BC043E700934F75 /* Orar_UbbApp.swift */; };
		8EF509642BC043E700934F75 /* ContentView.swift in Sources */ = {isa = PBXBuildFile; fileRef = 8EF509632BC043E700934F75 /* ContentView.swift */; };
		8EF509662BC043E900934F75 /* Assets.xcassets in Resources */ = {isa = PBXBuildFile; fileRef = 8EF509652BC043E900934F75 /* Assets.xcassets */; };
		8EF509692BC043E900934F75 /* Preview Assets.xcassets in Resources */ = {isa = PBXBuildFile; fileRef = 8EF509682BC043E900934F75 /* Preview Assets.xcassets */; };
		8EF5096B2BC043E900934F75 /* Persistence.swift in Sources */ = {isa = PBXBuildFile; fileRef = 8EF5096A2BC043E900934F75 /* Persistence.swift */; };
		8EF5096E2BC043E900934F75 /* Orar_Ubb.xcdatamodeld in Sources */ = {isa = PBXBuildFile; fileRef = 8EF5096C2BC043E900934F75 /* Orar_Ubb.xcdatamodeld */; };
		8EF509782BC043E900934F75 /* Orar_UbbTests.swift in Sources */ = {isa = PBXBuildFile; fileRef = 8EF509772BC043E900934F75 /* Orar_UbbTests.swift */; };
		8EF509822BC043E900934F75 /* Orar_UbbUITests.swift in Sources */ = {isa = PBXBuildFile; fileRef = 8EF509812BC043E900934F75 /* Orar_UbbUITests.swift */; };
		8EF509842BC043E900934F75 /* Orar_UbbUITestsLaunchTests.swift in Sources */ = {isa = PBXBuildFile; fileRef = 8EF509832BC043E900934F75 /* Orar_UbbUITestsLaunchTests.swift */; };
		8EF509982BC0495500934F75 /* NetworkData.swift in Sources */ = {isa = PBXBuildFile; fileRef = 8EF509972BC0495500934F75 /* NetworkData.swift */; };
		8EF5099B2BC0496900934F75 /* SwiftSoup in Frameworks */ = {isa = PBXBuildFile; productRef = 8EF5099A2BC0496900934F75 /* SwiftSoup */; };
		8EF509A72BC150FE00934F75 /* Links.swift in Sources */ = {isa = PBXBuildFile; fileRef = 8EF509A62BC150FE00934F75 /* Links.swift */; };
		8EF509AC2BC157C900934F75 /* SettingsYearView.swift in Sources */ = {isa = PBXBuildFile; fileRef = 8EF509AB2BC157C900934F75 /* SettingsYearView.swift */; };
		8EF509AF2BC15B2B00934F75 /* FilterYearsSettings.swift in Sources */ = {isa = PBXBuildFile; fileRef = 8EF509AE2BC15B2B00934F75 /* FilterYearsSettings.swift */; };
		8EF509B12BC15D6600934F75 /* SettingsView.swift in Sources */ = {isa = PBXBuildFile; fileRef = 8EF509B02BC15D6600934F75 /* SettingsView.swift */; };
/* End PBXBuildFile section */

/* Begin PBXContainerItemProxy section */
		8E0F0F372BCAC17A008C1308 /* PBXContainerItemProxy */ = {
			isa = PBXContainerItemProxy;
			containerPortal = 8EF509562BC043E700934F75 /* Project object */;
			proxyType = 1;
			remoteGlobalIDString = 8E0F0F282BCAC177008C1308;
			remoteInfo = WidgetsExtension;
		};
		8EF509742BC043E900934F75 /* PBXContainerItemProxy */ = {
			isa = PBXContainerItemProxy;
			containerPortal = 8EF509562BC043E700934F75 /* Project object */;
			proxyType = 1;
			remoteGlobalIDString = 8EF5095D2BC043E700934F75;
			remoteInfo = "Orar Ubb";
		};
		8EF5097E2BC043E900934F75 /* PBXContainerItemProxy */ = {
			isa = PBXContainerItemProxy;
			containerPortal = 8EF509562BC043E700934F75 /* Project object */;
			proxyType = 1;
			remoteGlobalIDString = 8EF5095D2BC043E700934F75;
			remoteInfo = "Orar Ubb";
		};
/* End PBXContainerItemProxy section */

/* Begin PBXCopyFilesBuildPhase section */
		8E0F0F3A2BCAC17A008C1308 /* Embed Foundation Extensions */ = {
			isa = PBXCopyFilesBuildPhase;
			buildActionMask = 2147483647;
			dstPath = "";
			dstSubfolderSpec = 13;
			files = (
				8E0F0F392BCAC17A008C1308 /* WidgetsExtension.appex in Embed Foundation Extensions */,
			);
			name = "Embed Foundation Extensions";
			runOnlyForDeploymentPostprocessing = 0;
		};
/* End PBXCopyFilesBuildPhase section */

/* Begin PBXFileReference section */
		8E0F0F292BCAC177008C1308 /* WidgetsExtension.appex */ = {isa = PBXFileReference; explicitFileType = "wrapper.app-extension"; includeInIndex = 0; path = WidgetsExtension.appex; sourceTree = BUILT_PRODUCTS_DIR; };
		8E0F0F2B2BCAC178008C1308 /* WidgetKit.framework */ = {isa = PBXFileReference; lastKnownFileType = wrapper.framework; name = WidgetKit.framework; path = System/Library/Frameworks/WidgetKit.framework; sourceTree = SDKROOT; };
		8E0F0F2D2BCAC178008C1308 /* SwiftUI.framework */ = {isa = PBXFileReference; lastKnownFileType = wrapper.framework; name = SwiftUI.framework; path = System/Library/Frameworks/SwiftUI.framework; sourceTree = SDKROOT; };
		8E0F0F302BCAC178008C1308 /* WidgetsBundle.swift */ = {isa = PBXFileReference; lastKnownFileType = sourcecode.swift; path = WidgetsBundle.swift; sourceTree = "<group>"; };
		8E0F0F322BCAC178008C1308 /* Widgets.swift */ = {isa = PBXFileReference; lastKnownFileType = sourcecode.swift; path = Widgets.swift; sourceTree = "<group>"; };
		8E0F0F342BCAC17A008C1308 /* Assets.xcassets */ = {isa = PBXFileReference; lastKnownFileType = folder.assetcatalog; path = Assets.xcassets; sourceTree = "<group>"; };
		8E0F0F362BCAC17A008C1308 /* Info.plist */ = {isa = PBXFileReference; lastKnownFileType = text.plist.xml; path = Info.plist; sourceTree = "<group>"; };
		8E19D6792BC453EC000CAD3B /* CoreDataModel.swift */ = {isa = PBXFileReference; lastKnownFileType = sourcecode.swift; path = CoreDataModel.swift; sourceTree = "<group>"; };
		8E19D67B2BC4555E000CAD3B /* SettingsEntityModel.swift */ = {isa = PBXFileReference; lastKnownFileType = sourcecode.swift; path = SettingsEntityModel.swift; sourceTree = "<group>"; };
		8E19D67D2BC48088000CAD3B /* SettingsSemigroupsView.swift */ = {isa = PBXFileReference; lastKnownFileType = sourcecode.swift; path = SettingsSemigroupsView.swift; sourceTree = "<group>"; };
		8E19D67F2BC48F02000CAD3B /* MainView.swift */ = {isa = PBXFileReference; lastKnownFileType = sourcecode.swift; path = MainView.swift; sourceTree = "<group>"; };
		8E19D6822BC48F32000CAD3B /* TimeTableView.swift */ = {isa = PBXFileReference; lastKnownFileType = sourcecode.swift; path = TimeTableView.swift; sourceTree = "<group>"; };
		8E19D6842BC5C5C6000CAD3B /* TimeTableSchedule.swift */ = {isa = PBXFileReference; lastKnownFileType = sourcecode.swift; path = TimeTableSchedule.swift; sourceTree = "<group>"; };
		8E19D6862BC70C71000CAD3B /* DaysOfWeek.swift */ = {isa = PBXFileReference; lastKnownFileType = sourcecode.swift; path = DaysOfWeek.swift; sourceTree = "<group>"; };
		8E19D6882BC70F9A000CAD3B /* LecturesViewModel.swift */ = {isa = PBXFileReference; lastKnownFileType = sourcecode.swift; path = LecturesViewModel.swift; sourceTree = "<group>"; };
		8E627DFC2BC7294C00EB270F /* WeekPicker.swift */ = {isa = PBXFileReference; lastKnownFileType = sourcecode.swift; path = WeekPicker.swift; sourceTree = "<group>"; };
		8EF0A22C2BC1DDCB000E8F6C /* CoreDataProvider.swift */ = {isa = PBXFileReference; lastKnownFileType = sourcecode.swift; path = CoreDataProvider.swift; sourceTree = "<group>"; };
		8EF0A22E2BC1E20F000E8F6C /* SettingsGorupsView.swift */ = {isa = PBXFileReference; lastKnownFileType = sourcecode.swift; path = SettingsGorupsView.swift; sourceTree = "<group>"; };
		8EF0A2302BC1E624000E8F6C /* GroupsViewModel.swift */ = {isa = PBXFileReference; lastKnownFileType = sourcecode.swift; path = GroupsViewModel.swift; sourceTree = "<group>"; };
		8EF5095E2BC043E700934F75 /* Orar Ubb.app */ = {isa = PBXFileReference; explicitFileType = wrapper.application; includeInIndex = 0; path = "Orar Ubb.app"; sourceTree = BUILT_PRODUCTS_DIR; };
		8EF509612BC043E700934F75 /* Orar_UbbApp.swift */ = {isa = PBXFileReference; lastKnownFileType = sourcecode.swift; path = Orar_UbbApp.swift; sourceTree = "<group>"; };
		8EF509632BC043E700934F75 /* ContentView.swift */ = {isa = PBXFileReference; lastKnownFileType = sourcecode.swift; path = ContentView.swift; sourceTree = "<group>"; };
		8EF509652BC043E900934F75 /* Assets.xcassets */ = {isa = PBXFileReference; lastKnownFileType = folder.assetcatalog; path = Assets.xcassets; sourceTree = "<group>"; };
		8EF509682BC043E900934F75 /* Preview Assets.xcassets */ = {isa = PBXFileReference; lastKnownFileType = folder.assetcatalog; path = "Preview Assets.xcassets"; sourceTree = "<group>"; };
		8EF5096A2BC043E900934F75 /* Persistence.swift */ = {isa = PBXFileReference; lastKnownFileType = sourcecode.swift; path = Persistence.swift; sourceTree = "<group>"; };
		8EF5096D2BC043E900934F75 /* Orar_Ubb.xcdatamodel */ = {isa = PBXFileReference; lastKnownFileType = wrapper.xcdatamodel; path = Orar_Ubb.xcdatamodel; sourceTree = "<group>"; };
		8EF509732BC043E900934F75 /* Orar UbbTests.xctest */ = {isa = PBXFileReference; explicitFileType = wrapper.cfbundle; includeInIndex = 0; path = "Orar UbbTests.xctest"; sourceTree = BUILT_PRODUCTS_DIR; };
		8EF509772BC043E900934F75 /* Orar_UbbTests.swift */ = {isa = PBXFileReference; lastKnownFileType = sourcecode.swift; path = Orar_UbbTests.swift; sourceTree = "<group>"; };
		8EF5097D2BC043E900934F75 /* Orar UbbUITests.xctest */ = {isa = PBXFileReference; explicitFileType = wrapper.cfbundle; includeInIndex = 0; path = "Orar UbbUITests.xctest"; sourceTree = BUILT_PRODUCTS_DIR; };
		8EF509812BC043E900934F75 /* Orar_UbbUITests.swift */ = {isa = PBXFileReference; lastKnownFileType = sourcecode.swift; path = Orar_UbbUITests.swift; sourceTree = "<group>"; };
		8EF509832BC043E900934F75 /* Orar_UbbUITestsLaunchTests.swift */ = {isa = PBXFileReference; lastKnownFileType = sourcecode.swift; path = Orar_UbbUITestsLaunchTests.swift; sourceTree = "<group>"; };
		8EF509972BC0495500934F75 /* NetworkData.swift */ = {isa = PBXFileReference; lastKnownFileType = sourcecode.swift; path = NetworkData.swift; sourceTree = "<group>"; };
		8EF509A62BC150FE00934F75 /* Links.swift */ = {isa = PBXFileReference; lastKnownFileType = sourcecode.swift; path = Links.swift; sourceTree = "<group>"; };
		8EF509AB2BC157C900934F75 /* SettingsYearView.swift */ = {isa = PBXFileReference; lastKnownFileType = sourcecode.swift; path = SettingsYearView.swift; sourceTree = "<group>"; };
		8EF509AE2BC15B2B00934F75 /* FilterYearsSettings.swift */ = {isa = PBXFileReference; lastKnownFileType = sourcecode.swift; path = FilterYearsSettings.swift; sourceTree = "<group>"; };
		8EF509B02BC15D6600934F75 /* SettingsView.swift */ = {isa = PBXFileReference; lastKnownFileType = sourcecode.swift; path = SettingsView.swift; sourceTree = "<group>"; };
/* End PBXFileReference section */

/* Begin PBXFrameworksBuildPhase section */
		8E0F0F262BCAC177008C1308 /* Frameworks */ = {
			isa = PBXFrameworksBuildPhase;
			buildActionMask = 2147483647;
			files = (
				8E0F0F2E2BCAC178008C1308 /* SwiftUI.framework in Frameworks */,
				8E0F0F2C2BCAC178008C1308 /* WidgetKit.framework in Frameworks */,
			);
			runOnlyForDeploymentPostprocessing = 0;
		};
		8EF5095B2BC043E700934F75 /* Frameworks */ = {
			isa = PBXFrameworksBuildPhase;
			buildActionMask = 2147483647;
			files = (
				8EF5099B2BC0496900934F75 /* SwiftSoup in Frameworks */,
			);
			runOnlyForDeploymentPostprocessing = 0;
		};
		8EF509702BC043E900934F75 /* Frameworks */ = {
			isa = PBXFrameworksBuildPhase;
			buildActionMask = 2147483647;
			files = (
			);
			runOnlyForDeploymentPostprocessing = 0;
		};
		8EF5097A2BC043E900934F75 /* Frameworks */ = {
			isa = PBXFrameworksBuildPhase;
			buildActionMask = 2147483647;
			files = (
			);
			runOnlyForDeploymentPostprocessing = 0;
		};
/* End PBXFrameworksBuildPhase section */

/* Begin PBXGroup section */
		8E0F0F2A2BCAC178008C1308 /* Frameworks */ = {
			isa = PBXGroup;
			children = (
				8E0F0F2B2BCAC178008C1308 /* WidgetKit.framework */,
				8E0F0F2D2BCAC178008C1308 /* SwiftUI.framework */,
			);
			name = Frameworks;
			sourceTree = "<group>";
		};
		8E0F0F2F2BCAC178008C1308 /* Widgets */ = {
			isa = PBXGroup;
			children = (
				8E0F0F302BCAC178008C1308 /* WidgetsBundle.swift */,
				8E0F0F322BCAC178008C1308 /* Widgets.swift */,
				8E0F0F342BCAC17A008C1308 /* Assets.xcassets */,
				8E0F0F362BCAC17A008C1308 /* Info.plist */,
			);
			path = Widgets;
			sourceTree = "<group>";
		};
		8E19D6782BC453AB000CAD3B /* CoreDataModels */ = {
			isa = PBXGroup;
			children = (
				8EF0A22C2BC1DDCB000E8F6C /* CoreDataProvider.swift */,
				8E19D6792BC453EC000CAD3B /* CoreDataModel.swift */,
				8E19D67B2BC4555E000CAD3B /* SettingsEntityModel.swift */,
			);
			path = CoreDataModels;
			sourceTree = "<group>";
		};
		8E19D6812BC48F1C000CAD3B /* TimetableViews */ = {
			isa = PBXGroup;
			children = (
				8E19D6822BC48F32000CAD3B /* TimeTableView.swift */,
				8E19D6842BC5C5C6000CAD3B /* TimeTableSchedule.swift */,
				8E627DFC2BC7294C00EB270F /* WeekPicker.swift */,
			);
			path = TimetableViews;
			sourceTree = "<group>";
		};
		8EF509552BC043E700934F75 = {
			isa = PBXGroup;
			children = (
				8EF509602BC043E700934F75 /* Orar Ubb */,
				8EF509762BC043E900934F75 /* Orar UbbTests */,
				8EF509802BC043E900934F75 /* Orar UbbUITests */,
				8E0F0F2F2BCAC178008C1308 /* Widgets */,
				8E0F0F2A2BCAC178008C1308 /* Frameworks */,
				8EF5095F2BC043E700934F75 /* Products */,
			);
			sourceTree = "<group>";
		};
		8EF5095F2BC043E700934F75 /* Products */ = {
			isa = PBXGroup;
			children = (
				8EF5095E2BC043E700934F75 /* Orar Ubb.app */,
				8EF509732BC043E900934F75 /* Orar UbbTests.xctest */,
				8EF5097D2BC043E900934F75 /* Orar UbbUITests.xctest */,
				8E0F0F292BCAC177008C1308 /* WidgetsExtension.appex */,
			);
			name = Products;
			sourceTree = "<group>";
		};
		8EF509602BC043E700934F75 /* Orar Ubb */ = {
			isa = PBXGroup;
			children = (
				8EF509AD2BC15B0400934F75 /* ViewModel */,
				8EF509902BC0440A00934F75 /* Model */,
				8EF509912BC0441600934F75 /* View */,
				8EF509612BC043E700934F75 /* Orar_UbbApp.swift */,
				8EF509652BC043E900934F75 /* Assets.xcassets */,
				8EF5096C2BC043E900934F75 /* Orar_Ubb.xcdatamodeld */,
				8EF509672BC043E900934F75 /* Preview Content */,
			);
			path = "Orar Ubb";
			sourceTree = "<group>";
		};
		8EF509672BC043E900934F75 /* Preview Content */ = {
			isa = PBXGroup;
			children = (
				8EF509682BC043E900934F75 /* Preview Assets.xcassets */,
			);
			path = "Preview Content";
			sourceTree = "<group>";
		};
		8EF509762BC043E900934F75 /* Orar UbbTests */ = {
			isa = PBXGroup;
			children = (
				8EF509772BC043E900934F75 /* Orar_UbbTests.swift */,
			);
			path = "Orar UbbTests";
			sourceTree = "<group>";
		};
		8EF509802BC043E900934F75 /* Orar UbbUITests */ = {
			isa = PBXGroup;
			children = (
				8EF509812BC043E900934F75 /* Orar_UbbUITests.swift */,
				8EF509832BC043E900934F75 /* Orar_UbbUITestsLaunchTests.swift */,
			);
			path = "Orar UbbUITests";
			sourceTree = "<group>";
		};
		8EF509902BC0440A00934F75 /* Model */ = {
			isa = PBXGroup;
			children = (
				8E19D6782BC453AB000CAD3B /* CoreDataModels */,
				8EF509962BC0492B00934F75 /* Network */,
				8EF5096A2BC043E900934F75 /* Persistence.swift */,
				8E19D6862BC70C71000CAD3B /* DaysOfWeek.swift */,
			);
			path = Model;
			sourceTree = "<group>";
		};
		8EF509912BC0441600934F75 /* View */ = {
			isa = PBXGroup;
			children = (
				8E19D6812BC48F1C000CAD3B /* TimetableViews */,
				8EF509AA2BC157A000934F75 /* SettingsViews */,
				8EF509632BC043E700934F75 /* ContentView.swift */,
				8E19D67F2BC48F02000CAD3B /* MainView.swift */,
			);
			path = View;
			sourceTree = "<group>";
		};
		8EF509962BC0492B00934F75 /* Network */ = {
			isa = PBXGroup;
			children = (
				8EF509972BC0495500934F75 /* NetworkData.swift */,
				8EF509A62BC150FE00934F75 /* Links.swift */,
			);
			path = Network;
			sourceTree = "<group>";
		};
		8EF509AA2BC157A000934F75 /* SettingsViews */ = {
			isa = PBXGroup;
			children = (
				8EF509B02BC15D6600934F75 /* SettingsView.swift */,
				8EF509AB2BC157C900934F75 /* SettingsYearView.swift */,
				8EF0A22E2BC1E20F000E8F6C /* SettingsGorupsView.swift */,
				8E19D67D2BC48088000CAD3B /* SettingsSemigroupsView.swift */,
			);
			path = SettingsViews;
			sourceTree = "<group>";
		};
		8EF509AD2BC15B0400934F75 /* ViewModel */ = {
			isa = PBXGroup;
			children = (
				8EF509AE2BC15B2B00934F75 /* FilterYearsSettings.swift */,
				8EF0A2302BC1E624000E8F6C /* GroupsViewModel.swift */,
				8E19D6882BC70F9A000CAD3B /* LecturesViewModel.swift */,
			);
			path = ViewModel;
			sourceTree = "<group>";
		};
/* End PBXGroup section */

/* Begin PBXNativeTarget section */
		8E0F0F282BCAC177008C1308 /* WidgetsExtension */ = {
			isa = PBXNativeTarget;
			buildConfigurationList = 8E0F0F3D2BCAC17A008C1308 /* Build configuration list for PBXNativeTarget "WidgetsExtension" */;
			buildPhases = (
				8E0F0F252BCAC177008C1308 /* Sources */,
				8E0F0F262BCAC177008C1308 /* Frameworks */,
				8E0F0F272BCAC177008C1308 /* Resources */,
			);
			buildRules = (
			);
			dependencies = (
			);
			name = WidgetsExtension;
			productName = WidgetsExtension;
			productReference = 8E0F0F292BCAC177008C1308 /* WidgetsExtension.appex */;
			productType = "com.apple.product-type.app-extension";
		};
		8EF5095D2BC043E700934F75 /* Orar Ubb */ = {
			isa = PBXNativeTarget;
			buildConfigurationList = 8EF509872BC043E900934F75 /* Build configuration list for PBXNativeTarget "Orar Ubb" */;
			buildPhases = (
				8EF5095A2BC043E700934F75 /* Sources */,
				8EF5095B2BC043E700934F75 /* Frameworks */,
				8EF5095C2BC043E700934F75 /* Resources */,
				8E0F0F3A2BCAC17A008C1308 /* Embed Foundation Extensions */,
			);
			buildRules = (
			);
			dependencies = (
				8E0F0F382BCAC17A008C1308 /* PBXTargetDependency */,
			);
			name = "Orar Ubb";
			packageProductDependencies = (
				8EF5099A2BC0496900934F75 /* SwiftSoup */,
			);
			productName = "Orar Ubb";
			productReference = 8EF5095E2BC043E700934F75 /* Orar Ubb.app */;
			productType = "com.apple.product-type.application";
		};
		8EF509722BC043E900934F75 /* Orar UbbTests */ = {
			isa = PBXNativeTarget;
			buildConfigurationList = 8EF5098A2BC043E900934F75 /* Build configuration list for PBXNativeTarget "Orar UbbTests" */;
			buildPhases = (
				8EF5096F2BC043E900934F75 /* Sources */,
				8EF509702BC043E900934F75 /* Frameworks */,
				8EF509712BC043E900934F75 /* Resources */,
			);
			buildRules = (
			);
			dependencies = (
				8EF509752BC043E900934F75 /* PBXTargetDependency */,
			);
			name = "Orar UbbTests";
			productName = "Orar UbbTests";
			productReference = 8EF509732BC043E900934F75 /* Orar UbbTests.xctest */;
			productType = "com.apple.product-type.bundle.unit-test";
		};
		8EF5097C2BC043E900934F75 /* Orar UbbUITests */ = {
			isa = PBXNativeTarget;
			buildConfigurationList = 8EF5098D2BC043E900934F75 /* Build configuration list for PBXNativeTarget "Orar UbbUITests" */;
			buildPhases = (
				8EF509792BC043E900934F75 /* Sources */,
				8EF5097A2BC043E900934F75 /* Frameworks */,
				8EF5097B2BC043E900934F75 /* Resources */,
			);
			buildRules = (
			);
			dependencies = (
				8EF5097F2BC043E900934F75 /* PBXTargetDependency */,
			);
			name = "Orar UbbUITests";
			productName = "Orar UbbUITests";
			productReference = 8EF5097D2BC043E900934F75 /* Orar UbbUITests.xctest */;
			productType = "com.apple.product-type.bundle.ui-testing";
		};
/* End PBXNativeTarget section */

/* Begin PBXProject section */
		8EF509562BC043E700934F75 /* Project object */ = {
			isa = PBXProject;
			attributes = {
				BuildIndependentTargetsInParallel = 1;
				LastSwiftUpdateCheck = 1530;
				LastUpgradeCheck = 1530;
				TargetAttributes = {
					8E0F0F282BCAC177008C1308 = {
						CreatedOnToolsVersion = 15.3;
					};
					8EF5095D2BC043E700934F75 = {
						CreatedOnToolsVersion = 15.3;
					};
					8EF509722BC043E900934F75 = {
						CreatedOnToolsVersion = 15.3;
						TestTargetID = 8EF5095D2BC043E700934F75;
					};
					8EF5097C2BC043E900934F75 = {
						CreatedOnToolsVersion = 15.3;
						TestTargetID = 8EF5095D2BC043E700934F75;
					};
				};
			};
			buildConfigurationList = 8EF509592BC043E700934F75 /* Build configuration list for PBXProject "Orar Ubb" */;
			compatibilityVersion = "Xcode 14.0";
			developmentRegion = en;
			hasScannedForEncodings = 0;
			knownRegions = (
				en,
				Base,
			);
			mainGroup = 8EF509552BC043E700934F75;
			packageReferences = (
				8EF509992BC0496900934F75 /* XCRemoteSwiftPackageReference "SwiftSoup" */,
			);
			productRefGroup = 8EF5095F2BC043E700934F75 /* Products */;
			projectDirPath = "";
			projectRoot = "";
			targets = (
				8EF5095D2BC043E700934F75 /* Orar Ubb */,
				8EF509722BC043E900934F75 /* Orar UbbTests */,
				8EF5097C2BC043E900934F75 /* Orar UbbUITests */,
				8E0F0F282BCAC177008C1308 /* WidgetsExtension */,
			);
		};
/* End PBXProject section */

/* Begin PBXResourcesBuildPhase section */
		8E0F0F272BCAC177008C1308 /* Resources */ = {
			isa = PBXResourcesBuildPhase;
			buildActionMask = 2147483647;
			files = (
				8E0F0F352BCAC17A008C1308 /* Assets.xcassets in Resources */,
			);
			runOnlyForDeploymentPostprocessing = 0;
		};
		8EF5095C2BC043E700934F75 /* Resources */ = {
			isa = PBXResourcesBuildPhase;
			buildActionMask = 2147483647;
			files = (
				8EF509692BC043E900934F75 /* Preview Assets.xcassets in Resources */,
				8EF509662BC043E900934F75 /* Assets.xcassets in Resources */,
			);
			runOnlyForDeploymentPostprocessing = 0;
		};
		8EF509712BC043E900934F75 /* Resources */ = {
			isa = PBXResourcesBuildPhase;
			buildActionMask = 2147483647;
			files = (
			);
			runOnlyForDeploymentPostprocessing = 0;
		};
		8EF5097B2BC043E900934F75 /* Resources */ = {
			isa = PBXResourcesBuildPhase;
			buildActionMask = 2147483647;
			files = (
			);
			runOnlyForDeploymentPostprocessing = 0;
		};
/* End PBXResourcesBuildPhase section */

/* Begin PBXSourcesBuildPhase section */
		8E0F0F252BCAC177008C1308 /* Sources */ = {
			isa = PBXSourcesBuildPhase;
			buildActionMask = 2147483647;
			files = (
				8E0F0F422BCAD6DE008C1308 /* CoreDataModel.swift in Sources */,
				8E0F0F482BCAE668008C1308 /* SettingsEntityModel.swift in Sources */,
				8E0F0F312BCAC178008C1308 /* WidgetsBundle.swift in Sources */,
				8E0F0F332BCAC178008C1308 /* Widgets.swift in Sources */,
				8E0F0F432BCAD6E8008C1308 /* CoreDataProvider.swift in Sources */,
				8E0F0F472BCAE220008C1308 /* Orar_Ubb.xcdatamodeld in Sources */,
			);
			runOnlyForDeploymentPostprocessing = 0;
		};
		8EF5095A2BC043E700934F75 /* Sources */ = {
			isa = PBXSourcesBuildPhase;
			buildActionMask = 2147483647;
			files = (
				8EF5096B2BC043E900934F75 /* Persistence.swift in Sources */,
				8E19D67A2BC453EC000CAD3B /* CoreDataModel.swift in Sources */,
				8EF0A22F2BC1E20F000E8F6C /* SettingsGorupsView.swift in Sources */,
				8EF5096E2BC043E900934F75 /* Orar_Ubb.xcdatamodeld in Sources */,
				8EF509642BC043E700934F75 /* ContentView.swift in Sources */,
				8E0F0F412BCAD4C5008C1308 /* Widgets.swift in Sources */,
				8E19D67C2BC4555E000CAD3B /* SettingsEntityModel.swift in Sources */,
				8EF509AF2BC15B2B00934F75 /* FilterYearsSettings.swift in Sources */,
				8EF0A2312BC1E624000E8F6C /* GroupsViewModel.swift in Sources */,
				8E19D6852BC5C5C6000CAD3B /* TimeTableSchedule.swift in Sources */,
				8E19D6832BC48F32000CAD3B /* TimeTableView.swift in Sources */,
				8EF509A72BC150FE00934F75 /* Links.swift in Sources */,
				8E19D6802BC48F02000CAD3B /* MainView.swift in Sources */,
				8E19D6872BC70C71000CAD3B /* DaysOfWeek.swift in Sources */,
				8E19D6892BC70F9A000CAD3B /* LecturesViewModel.swift in Sources */,
				8E19D67E2BC48088000CAD3B /* SettingsSemigroupsView.swift in Sources */,
				8EF509982BC0495500934F75 /* NetworkData.swift in Sources */,
				8E627DFD2BC7294C00EB270F /* WeekPicker.swift in Sources */,
				8EF509622BC043E700934F75 /* Orar_UbbApp.swift in Sources */,
				8EF509B12BC15D6600934F75 /* SettingsView.swift in Sources */,
				8EF509AC2BC157C900934F75 /* SettingsYearView.swift in Sources */,
				8EF0A22D2BC1DDCB000E8F6C /* CoreDataProvider.swift in Sources */,
			);
			runOnlyForDeploymentPostprocessing = 0;
		};
		8EF5096F2BC043E900934F75 /* Sources */ = {
			isa = PBXSourcesBuildPhase;
			buildActionMask = 2147483647;
			files = (
				8EF509782BC043E900934F75 /* Orar_UbbTests.swift in Sources */,
			);
			runOnlyForDeploymentPostprocessing = 0;
		};
		8EF509792BC043E900934F75 /* Sources */ = {
			isa = PBXSourcesBuildPhase;
			buildActionMask = 2147483647;
			files = (
				8EF509842BC043E900934F75 /* Orar_UbbUITestsLaunchTests.swift in Sources */,
				8EF509822BC043E900934F75 /* Orar_UbbUITests.swift in Sources */,
			);
			runOnlyForDeploymentPostprocessing = 0;
		};
/* End PBXSourcesBuildPhase section */

/* Begin PBXTargetDependency section */
		8E0F0F382BCAC17A008C1308 /* PBXTargetDependency */ = {
			isa = PBXTargetDependency;
			target = 8E0F0F282BCAC177008C1308 /* WidgetsExtension */;
			targetProxy = 8E0F0F372BCAC17A008C1308 /* PBXContainerItemProxy */;
		};
		8EF509752BC043E900934F75 /* PBXTargetDependency */ = {
			isa = PBXTargetDependency;
			target = 8EF5095D2BC043E700934F75 /* Orar Ubb */;
			targetProxy = 8EF509742BC043E900934F75 /* PBXContainerItemProxy */;
		};
		8EF5097F2BC043E900934F75 /* PBXTargetDependency */ = {
			isa = PBXTargetDependency;
			target = 8EF5095D2BC043E700934F75 /* Orar Ubb */;
			targetProxy = 8EF5097E2BC043E900934F75 /* PBXContainerItemProxy */;
		};
/* End PBXTargetDependency section */

/* Begin XCBuildConfiguration section */
		8E0F0F3B2BCAC17A008C1308 /* Debug */ = {
			isa = XCBuildConfiguration;
			buildSettings = {
				ASSETCATALOG_COMPILER_GLOBAL_ACCENT_COLOR_NAME = AccentColor;
				ASSETCATALOG_COMPILER_WIDGET_BACKGROUND_COLOR_NAME = WidgetBackground;
				CODE_SIGN_ENTITLEMENTS = WidgetsExtension.entitlements;
				CODE_SIGN_IDENTITY = "Apple Development";
				CODE_SIGN_STYLE = Automatic;
				CURRENT_PROJECT_VERSION = 1;
				DEVELOPMENT_TEAM = 8B683A2ABG;
				GENERATE_INFOPLIST_FILE = YES;
				INFOPLIST_FILE = Widgets/Info.plist;
				INFOPLIST_KEY_CFBundleDisplayName = Widgets;
				INFOPLIST_KEY_NSHumanReadableCopyright = "";
				LD_RUNPATH_SEARCH_PATHS = (
					"$(inherited)",
					"@executable_path/Frameworks",
					"@executable_path/../../Frameworks",
				);
				MARKETING_VERSION = 1.0;
				PRODUCT_BUNDLE_IDENTIFIER = "com.miloiu.Orar-Ubb.Widgets";
				PRODUCT_NAME = "$(TARGET_NAME)";
				PROVISIONING_PROFILE_SPECIFIER = "";
				SKIP_INSTALL = YES;
				SWIFT_EMIT_LOC_STRINGS = YES;
				SWIFT_VERSION = 5.0;
				TARGETED_DEVICE_FAMILY = "1,2";
			};
			name = Debug;
		};
		8E0F0F3C2BCAC17A008C1308 /* Release */ = {
			isa = XCBuildConfiguration;
			buildSettings = {
				ASSETCATALOG_COMPILER_GLOBAL_ACCENT_COLOR_NAME = AccentColor;
				ASSETCATALOG_COMPILER_WIDGET_BACKGROUND_COLOR_NAME = WidgetBackground;
				CODE_SIGN_ENTITLEMENTS = WidgetsExtension.entitlements;
				CODE_SIGN_IDENTITY = "Apple Development";
				CODE_SIGN_STYLE = Automatic;
				CURRENT_PROJECT_VERSION = 1;
				DEVELOPMENT_TEAM = 8B683A2ABG;
				GENERATE_INFOPLIST_FILE = YES;
				INFOPLIST_FILE = Widgets/Info.plist;
				INFOPLIST_KEY_CFBundleDisplayName = Widgets;
				INFOPLIST_KEY_NSHumanReadableCopyright = "";
				LD_RUNPATH_SEARCH_PATHS = (
					"$(inherited)",
					"@executable_path/Frameworks",
					"@executable_path/../../Frameworks",
				);
				MARKETING_VERSION = 1.0;
				PRODUCT_BUNDLE_IDENTIFIER = "com.miloiu.Orar-Ubb.Widgets";
				PRODUCT_NAME = "$(TARGET_NAME)";
				PROVISIONING_PROFILE_SPECIFIER = "";
				SKIP_INSTALL = YES;
				SWIFT_EMIT_LOC_STRINGS = YES;
				SWIFT_VERSION = 5.0;
				TARGETED_DEVICE_FAMILY = "1,2";
			};
			name = Release;
		};
		8EF509852BC043E900934F75 /* Debug */ = {
			isa = XCBuildConfiguration;
			buildSettings = {
				ALWAYS_SEARCH_USER_PATHS = NO;
				ASSETCATALOG_COMPILER_GENERATE_SWIFT_ASSET_SYMBOL_EXTENSIONS = YES;
				CLANG_ANALYZER_NONNULL = YES;
				CLANG_ANALYZER_NUMBER_OBJECT_CONVERSION = YES_AGGRESSIVE;
				CLANG_CXX_LANGUAGE_STANDARD = "gnu++20";
				CLANG_ENABLE_MODULES = YES;
				CLANG_ENABLE_OBJC_ARC = YES;
				CLANG_ENABLE_OBJC_WEAK = YES;
				CLANG_WARN_BLOCK_CAPTURE_AUTORELEASING = YES;
				CLANG_WARN_BOOL_CONVERSION = YES;
				CLANG_WARN_COMMA = YES;
				CLANG_WARN_CONSTANT_CONVERSION = YES;
				CLANG_WARN_DEPRECATED_OBJC_IMPLEMENTATIONS = YES;
				CLANG_WARN_DIRECT_OBJC_ISA_USAGE = YES_ERROR;
				CLANG_WARN_DOCUMENTATION_COMMENTS = YES;
				CLANG_WARN_EMPTY_BODY = YES;
				CLANG_WARN_ENUM_CONVERSION = YES;
				CLANG_WARN_INFINITE_RECURSION = YES;
				CLANG_WARN_INT_CONVERSION = YES;
				CLANG_WARN_NON_LITERAL_NULL_CONVERSION = YES;
				CLANG_WARN_OBJC_IMPLICIT_RETAIN_SELF = YES;
				CLANG_WARN_OBJC_LITERAL_CONVERSION = YES;
				CLANG_WARN_OBJC_ROOT_CLASS = YES_ERROR;
				CLANG_WARN_QUOTED_INCLUDE_IN_FRAMEWORK_HEADER = YES;
				CLANG_WARN_RANGE_LOOP_ANALYSIS = YES;
				CLANG_WARN_STRICT_PROTOTYPES = YES;
				CLANG_WARN_SUSPICIOUS_MOVE = YES;
				CLANG_WARN_UNGUARDED_AVAILABILITY = YES_AGGRESSIVE;
				CLANG_WARN_UNREACHABLE_CODE = YES;
				CLANG_WARN__DUPLICATE_METHOD_MATCH = YES;
				COPY_PHASE_STRIP = NO;
				DEBUG_INFORMATION_FORMAT = dwarf;
				ENABLE_STRICT_OBJC_MSGSEND = YES;
				ENABLE_TESTABILITY = YES;
				ENABLE_USER_SCRIPT_SANDBOXING = YES;
				GCC_C_LANGUAGE_STANDARD = gnu17;
				GCC_DYNAMIC_NO_PIC = NO;
				GCC_NO_COMMON_BLOCKS = YES;
				GCC_OPTIMIZATION_LEVEL = 0;
				GCC_PREPROCESSOR_DEFINITIONS = (
					"DEBUG=1",
					"$(inherited)",
				);
				GCC_WARN_64_TO_32_BIT_CONVERSION = YES;
				GCC_WARN_ABOUT_RETURN_TYPE = YES_ERROR;
				GCC_WARN_UNDECLARED_SELECTOR = YES;
				GCC_WARN_UNINITIALIZED_AUTOS = YES_AGGRESSIVE;
				GCC_WARN_UNUSED_FUNCTION = YES;
				GCC_WARN_UNUSED_VARIABLE = YES;
				IPHONEOS_DEPLOYMENT_TARGET = 17.4;
				LOCALIZATION_PREFERS_STRING_CATALOGS = YES;
				MTL_ENABLE_DEBUG_INFO = INCLUDE_SOURCE;
				MTL_FAST_MATH = YES;
				ONLY_ACTIVE_ARCH = YES;
				SDKROOT = iphoneos;
				SWIFT_ACTIVE_COMPILATION_CONDITIONS = "DEBUG $(inherited)";
				SWIFT_OPTIMIZATION_LEVEL = "-Onone";
			};
			name = Debug;
		};
		8EF509862BC043E900934F75 /* Release */ = {
			isa = XCBuildConfiguration;
			buildSettings = {
				ALWAYS_SEARCH_USER_PATHS = NO;
				ASSETCATALOG_COMPILER_GENERATE_SWIFT_ASSET_SYMBOL_EXTENSIONS = YES;
				CLANG_ANALYZER_NONNULL = YES;
				CLANG_ANALYZER_NUMBER_OBJECT_CONVERSION = YES_AGGRESSIVE;
				CLANG_CXX_LANGUAGE_STANDARD = "gnu++20";
				CLANG_ENABLE_MODULES = YES;
				CLANG_ENABLE_OBJC_ARC = YES;
				CLANG_ENABLE_OBJC_WEAK = YES;
				CLANG_WARN_BLOCK_CAPTURE_AUTORELEASING = YES;
				CLANG_WARN_BOOL_CONVERSION = YES;
				CLANG_WARN_COMMA = YES;
				CLANG_WARN_CONSTANT_CONVERSION = YES;
				CLANG_WARN_DEPRECATED_OBJC_IMPLEMENTATIONS = YES;
				CLANG_WARN_DIRECT_OBJC_ISA_USAGE = YES_ERROR;
				CLANG_WARN_DOCUMENTATION_COMMENTS = YES;
				CLANG_WARN_EMPTY_BODY = YES;
				CLANG_WARN_ENUM_CONVERSION = YES;
				CLANG_WARN_INFINITE_RECURSION = YES;
				CLANG_WARN_INT_CONVERSION = YES;
				CLANG_WARN_NON_LITERAL_NULL_CONVERSION = YES;
				CLANG_WARN_OBJC_IMPLICIT_RETAIN_SELF = YES;
				CLANG_WARN_OBJC_LITERAL_CONVERSION = YES;
				CLANG_WARN_OBJC_ROOT_CLASS = YES_ERROR;
				CLANG_WARN_QUOTED_INCLUDE_IN_FRAMEWORK_HEADER = YES;
				CLANG_WARN_RANGE_LOOP_ANALYSIS = YES;
				CLANG_WARN_STRICT_PROTOTYPES = YES;
				CLANG_WARN_SUSPICIOUS_MOVE = YES;
				CLANG_WARN_UNGUARDED_AVAILABILITY = YES_AGGRESSIVE;
				CLANG_WARN_UNREACHABLE_CODE = YES;
				CLANG_WARN__DUPLICATE_METHOD_MATCH = YES;
				COPY_PHASE_STRIP = NO;
				DEBUG_INFORMATION_FORMAT = "dwarf-with-dsym";
				ENABLE_NS_ASSERTIONS = NO;
				ENABLE_STRICT_OBJC_MSGSEND = YES;
				ENABLE_USER_SCRIPT_SANDBOXING = YES;
				GCC_C_LANGUAGE_STANDARD = gnu17;
				GCC_NO_COMMON_BLOCKS = YES;
				GCC_WARN_64_TO_32_BIT_CONVERSION = YES;
				GCC_WARN_ABOUT_RETURN_TYPE = YES_ERROR;
				GCC_WARN_UNDECLARED_SELECTOR = YES;
				GCC_WARN_UNINITIALIZED_AUTOS = YES_AGGRESSIVE;
				GCC_WARN_UNUSED_FUNCTION = YES;
				GCC_WARN_UNUSED_VARIABLE = YES;
				IPHONEOS_DEPLOYMENT_TARGET = 17.4;
				LOCALIZATION_PREFERS_STRING_CATALOGS = YES;
				MTL_ENABLE_DEBUG_INFO = NO;
				MTL_FAST_MATH = YES;
				SDKROOT = iphoneos;
				SWIFT_COMPILATION_MODE = wholemodule;
				VALIDATE_PRODUCT = YES;
			};
			name = Release;
		};
		8EF509882BC043E900934F75 /* Debug */ = {
			isa = XCBuildConfiguration;
			buildSettings = {
				ALWAYS_EMBED_SWIFT_STANDARD_LIBRARIES = YES;
				ASSETCATALOG_COMPILER_APPICON_NAME = AppIcon;
				ASSETCATALOG_COMPILER_GLOBAL_ACCENT_COLOR_NAME = AccentColor;
				CODE_SIGN_ENTITLEMENTS = "Orar Ubb/Orar Ubb.entitlements";
				CODE_SIGN_STYLE = Automatic;
				CURRENT_PROJECT_VERSION = 1;
				DEVELOPMENT_ASSET_PATHS = "\"Orar Ubb/Preview Content\"";
				DEVELOPMENT_TEAM = 8B683A2ABG;
				ENABLE_PREVIEWS = YES;
				GENERATE_INFOPLIST_FILE = YES;
				INFOPLIST_KEY_UIApplicationSceneManifest_Generation = YES;
				INFOPLIST_KEY_UIApplicationSupportsIndirectInputEvents = YES;
				INFOPLIST_KEY_UILaunchScreen_Generation = YES;
				INFOPLIST_KEY_UISupportedInterfaceOrientations_iPad = "UIInterfaceOrientationPortrait UIInterfaceOrientationPortraitUpsideDown UIInterfaceOrientationLandscapeLeft UIInterfaceOrientationLandscapeRight";
				INFOPLIST_KEY_UISupportedInterfaceOrientations_iPhone = "UIInterfaceOrientationPortrait UIInterfaceOrientationLandscapeLeft UIInterfaceOrientationLandscapeRight";
				LD_RUNPATH_SEARCH_PATHS = (
					"$(inherited)",
					"@executable_path/Frameworks",
				);
				MARKETING_VERSION = 1.0;
				PRODUCT_BUNDLE_IDENTIFIER = "com.miloiu.Orar-Ubb";
				PRODUCT_NAME = "$(TARGET_NAME)";
				SWIFT_EMIT_LOC_STRINGS = YES;
				SWIFT_VERSION = 5.0;
				TARGETED_DEVICE_FAMILY = "1,2";
			};
			name = Debug;
		};
		8EF509892BC043E900934F75 /* Release */ = {
			isa = XCBuildConfiguration;
			buildSettings = {
				ALWAYS_EMBED_SWIFT_STANDARD_LIBRARIES = YES;
				ASSETCATALOG_COMPILER_APPICON_NAME = AppIcon;
				ASSETCATALOG_COMPILER_GLOBAL_ACCENT_COLOR_NAME = AccentColor;
				CODE_SIGN_ENTITLEMENTS = "Orar Ubb/Orar Ubb.entitlements";
				CODE_SIGN_STYLE = Automatic;
				CURRENT_PROJECT_VERSION = 1;
				DEVELOPMENT_ASSET_PATHS = "\"Orar Ubb/Preview Content\"";
				DEVELOPMENT_TEAM = 8B683A2ABG;
				ENABLE_PREVIEWS = YES;
				GENERATE_INFOPLIST_FILE = YES;
				INFOPLIST_KEY_UIApplicationSceneManifest_Generation = YES;
				INFOPLIST_KEY_UIApplicationSupportsIndirectInputEvents = YES;
				INFOPLIST_KEY_UILaunchScreen_Generation = YES;
				INFOPLIST_KEY_UISupportedInterfaceOrientations_iPad = "UIInterfaceOrientationPortrait UIInterfaceOrientationPortraitUpsideDown UIInterfaceOrientationLandscapeLeft UIInterfaceOrientationLandscapeRight";
				INFOPLIST_KEY_UISupportedInterfaceOrientations_iPhone = "UIInterfaceOrientationPortrait UIInterfaceOrientationLandscapeLeft UIInterfaceOrientationLandscapeRight";
				LD_RUNPATH_SEARCH_PATHS = (
					"$(inherited)",
					"@executable_path/Frameworks",
				);
				MARKETING_VERSION = 1.0;
				PRODUCT_BUNDLE_IDENTIFIER = "com.miloiu.Orar-Ubb";
				PRODUCT_NAME = "$(TARGET_NAME)";
				SWIFT_EMIT_LOC_STRINGS = YES;
				SWIFT_VERSION = 5.0;
				TARGETED_DEVICE_FAMILY = "1,2";
			};
			name = Release;
		};
		8EF5098B2BC043E900934F75 /* Debug */ = {
			isa = XCBuildConfiguration;
			buildSettings = {
				ALWAYS_EMBED_SWIFT_STANDARD_LIBRARIES = YES;
				BUNDLE_LOADER = "$(TEST_HOST)";
				CODE_SIGN_STYLE = Automatic;
				CURRENT_PROJECT_VERSION = 1;
				DEVELOPMENT_TEAM = 8B683A2ABG;
				GENERATE_INFOPLIST_FILE = YES;
				IPHONEOS_DEPLOYMENT_TARGET = 17.4;
				MARKETING_VERSION = 1.0;
				PRODUCT_BUNDLE_IDENTIFIER = "com.miloiu.Orar-UbbTests";
				PRODUCT_NAME = "$(TARGET_NAME)";
				SWIFT_EMIT_LOC_STRINGS = NO;
				SWIFT_VERSION = 5.0;
				TARGETED_DEVICE_FAMILY = "1,2";
				TEST_HOST = "$(BUILT_PRODUCTS_DIR)/Orar Ubb.app/$(BUNDLE_EXECUTABLE_FOLDER_PATH)/Orar Ubb";
			};
			name = Debug;
		};
		8EF5098C2BC043E900934F75 /* Release */ = {
			isa = XCBuildConfiguration;
			buildSettings = {
				ALWAYS_EMBED_SWIFT_STANDARD_LIBRARIES = YES;
				BUNDLE_LOADER = "$(TEST_HOST)";
				CODE_SIGN_STYLE = Automatic;
				CURRENT_PROJECT_VERSION = 1;
				DEVELOPMENT_TEAM = 8B683A2ABG;
				GENERATE_INFOPLIST_FILE = YES;
				IPHONEOS_DEPLOYMENT_TARGET = 17.4;
				MARKETING_VERSION = 1.0;
				PRODUCT_BUNDLE_IDENTIFIER = "com.miloiu.Orar-UbbTests";
				PRODUCT_NAME = "$(TARGET_NAME)";
				SWIFT_EMIT_LOC_STRINGS = NO;
				SWIFT_VERSION = 5.0;
				TARGETED_DEVICE_FAMILY = "1,2";
				TEST_HOST = "$(BUILT_PRODUCTS_DIR)/Orar Ubb.app/$(BUNDLE_EXECUTABLE_FOLDER_PATH)/Orar Ubb";
			};
			name = Release;
		};
		8EF5098E2BC043E900934F75 /* Debug */ = {
			isa = XCBuildConfiguration;
			buildSettings = {
				ALWAYS_EMBED_SWIFT_STANDARD_LIBRARIES = YES;
				CODE_SIGN_STYLE = Automatic;
				CURRENT_PROJECT_VERSION = 1;
				DEVELOPMENT_TEAM = 8B683A2ABG;
				GENERATE_INFOPLIST_FILE = YES;
				MARKETING_VERSION = 1.0;
				PRODUCT_BUNDLE_IDENTIFIER = "com.miloiu.Orar-UbbUITests";
				PRODUCT_NAME = "$(TARGET_NAME)";
				SWIFT_EMIT_LOC_STRINGS = NO;
				SWIFT_VERSION = 5.0;
				TARGETED_DEVICE_FAMILY = "1,2";
				TEST_TARGET_NAME = "Orar Ubb";
			};
			name = Debug;
		};
		8EF5098F2BC043E900934F75 /* Release */ = {
			isa = XCBuildConfiguration;
			buildSettings = {
				ALWAYS_EMBED_SWIFT_STANDARD_LIBRARIES = YES;
				CODE_SIGN_STYLE = Automatic;
				CURRENT_PROJECT_VERSION = 1;
				DEVELOPMENT_TEAM = 8B683A2ABG;
				GENERATE_INFOPLIST_FILE = YES;
				MARKETING_VERSION = 1.0;
				PRODUCT_BUNDLE_IDENTIFIER = "com.miloiu.Orar-UbbUITests";
				PRODUCT_NAME = "$(TARGET_NAME)";
				SWIFT_EMIT_LOC_STRINGS = NO;
				SWIFT_VERSION = 5.0;
				TARGETED_DEVICE_FAMILY = "1,2";
				TEST_TARGET_NAME = "Orar Ubb";
			};
			name = Release;
		};
/* End XCBuildConfiguration section */

/* Begin XCConfigurationList section */
		8E0F0F3D2BCAC17A008C1308 /* Build configuration list for PBXNativeTarget "WidgetsExtension" */ = {
			isa = XCConfigurationList;
			buildConfigurations = (
				8E0F0F3B2BCAC17A008C1308 /* Debug */,
				8E0F0F3C2BCAC17A008C1308 /* Release */,
			);
			defaultConfigurationIsVisible = 0;
			defaultConfigurationName = Release;
		};
		8EF509592BC043E700934F75 /* Build configuration list for PBXProject "Orar Ubb" */ = {
			isa = XCConfigurationList;
			buildConfigurations = (
				8EF509852BC043E900934F75 /* Debug */,
				8EF509862BC043E900934F75 /* Release */,
			);
			defaultConfigurationIsVisible = 0;
			defaultConfigurationName = Release;
		};
		8EF509872BC043E900934F75 /* Build configuration list for PBXNativeTarget "Orar Ubb" */ = {
			isa = XCConfigurationList;
			buildConfigurations = (
				8EF509882BC043E900934F75 /* Debug */,
				8EF509892BC043E900934F75 /* Release */,
			);
			defaultConfigurationIsVisible = 0;
			defaultConfigurationName = Release;
		};
		8EF5098A2BC043E900934F75 /* Build configuration list for PBXNativeTarget "Orar UbbTests" */ = {
			isa = XCConfigurationList;
			buildConfigurations = (
				8EF5098B2BC043E900934F75 /* Debug */,
				8EF5098C2BC043E900934F75 /* Release */,
			);
			defaultConfigurationIsVisible = 0;
			defaultConfigurationName = Release;
		};
		8EF5098D2BC043E900934F75 /* Build configuration list for PBXNativeTarget "Orar UbbUITests" */ = {
			isa = XCConfigurationList;
			buildConfigurations = (
				8EF5098E2BC043E900934F75 /* Debug */,
				8EF5098F2BC043E900934F75 /* Release */,
			);
			defaultConfigurationIsVisible = 0;
			defaultConfigurationName = Release;
		};
/* End XCConfigurationList section */

/* Begin XCRemoteSwiftPackageReference section */
		8EF509992BC0496900934F75 /* XCRemoteSwiftPackageReference "SwiftSoup" */ = {
			isa = XCRemoteSwiftPackageReference;
			repositoryURL = "https://github.com/scinfu/SwiftSoup.git";
			requirement = {
				kind = upToNextMajorVersion;
				minimumVersion = 2.7.2;
			};
		};
/* End XCRemoteSwiftPackageReference section */

/* Begin XCSwiftPackageProductDependency section */
		8EF5099A2BC0496900934F75 /* SwiftSoup */ = {
			isa = XCSwiftPackageProductDependency;
			package = 8EF509992BC0496900934F75 /* XCRemoteSwiftPackageReference "SwiftSoup" */;
			productName = SwiftSoup;
		};
/* End XCSwiftPackageProductDependency section */

/* Begin XCVersionGroup section */
		8EF5096C2BC043E900934F75 /* Orar_Ubb.xcdatamodeld */ = {
			isa = XCVersionGroup;
			children = (
				8EF5096D2BC043E900934F75 /* Orar_Ubb.xcdatamodel */,
			);
			currentVersion = 8EF5096D2BC043E900934F75 /* Orar_Ubb.xcdatamodel */;
			path = Orar_Ubb.xcdatamodeld;
			sourceTree = "<group>";
			versionGroupType = wrapper.xcdatamodel;
		};
/* End XCVersionGroup section */
	};
	rootObject = 8EF509562BC043E700934F75 /* Project object */;
}
